# This file was autogenerated by Stack.
# You should not edit this file by hand.
# For more information, please see the documentation at:
#   https://docs.haskellstack.org/en/stable/lock_files

packages: []
snapshots:
- completed:
    sha256: 692668712aa3a6638401ce921cd043f5f9a8b018af9ba13ae350871196b047d6
    size: 619152
    url: https://raw.githubusercontent.com/commercialhaskell/stackage-snapshots/master/lts/19/11.yaml
  original: lts-19.11
